
Microsoft Visual Studio Solution File, Format Version 12.00
# Visual Studio Version 16
VisualStudioVersion = 16.0.31410.357
MinimumVisualStudioVersion = 10.0.40219.1
Project("{FAE04EC0-301F-11D3-BF4B-00C04F79EFBC}") = "CALCULADORA V0.2", "CALCULADORA V0.2\CALCULADORA V0.2.csproj", "{9BF93F29-AE61-412D-B477-A5AA243E118F}"
EndProject
Global
	GlobalSection(SolutionConfigurationPlatforms) = preSolution
		Debug|Any CPU = Debug|Any CPU
		Release|Any CPU = Release|Any CPU
	EndGlobalSection
	GlobalSection(ProjectConfigurationPlatforms) = postSolution
		{9BF93F29-AE61-412D-B477-A5AA243E118F}.Debug|Any CPU.ActiveCfg = Debug|Any CPU
		{9BF93F29-AE61-412D-B477-A5AA243E118F}.Debug|Any CPU.Build.0 = Debug|Any CPU
		{9BF93F29-AE61-412D-B477-A5AA243E118F}.Release|Any CPU.ActiveCfg = Release|Any CPU
		{9BF93F29-AE61-412D-B477-A5AA243E118F}.Release|Any CPU.Build.0 = Release|Any CPU
	EndGlobalSection
	GlobalSection(SolutionProperties) = preSolution
		HideSolutionNode = FALSE
	EndGlobalSection
	GlobalSection(ExtensibilityGlobals) = postSolution
		SolutionGuid = {979F82C9-73E7-4ECF-A073-3022BE788081}
	EndGlobalSection
EndGlobal
